<?xml version="1.0" encoding="utf-8"?>
<Project ToolsVersion="4.0" xmlns="http://schemas.microsoft.com/developer/msbuild/2003">
  <ItemGroup>
    <Filter Include="Include">
      <UniqueIdentifier>{11ebe708-808d-46c2-9d0f-eae794e2ed16}</UniqueIdentifier>
    </Filter>
    <Filter Include="Source">
      <UniqueIdentifier>{83f6baac-3fa2-4567-83a7-0ab6d6a202b4}</UniqueIdentifier>
    </Filter>
    <Filter Include="Source\Headers">
      <UniqueIdentifier>{26908a11-66ca-47b3-85b5-3ab9ce454e2f}</UniqueIdentifier>
    </Filter>
    <Filter Include="Source\Headers\Core">
      <UniqueIdentifier>{803919f3-27d7-40db-b4a5-a57f9d15a67a}</UniqueIdentifier>
    </Filter>
    <Filter Include="Source\Headers\Game">
      <UniqueIdentifier>{34ffbaa9-c22a-4188-8fda-da98fd911987}</UniqueIdentifier>
    </Filter>
    <Filter Include="Source\Headers\Rendering">
      <UniqueIdentifier>{224f03c6-cee7-4642-9e82-a96c1c7459ef}</UniqueIdentifier>
    </Filter>
    <Filter Include="Source\Headers\Communication">
      <UniqueIdentifier>{cee2f4f7-bceb-4dee-a6f3-640b1079e921}</UniqueIdentifier>
    </Filter>
    <Filter Include="Source\Cpp">
      <UniqueIdentifier>{76486aa5-ae31-4e97-a4d3-e50e0c1d71fa}</UniqueIdentifier>
    </Filter>
    <Filter Include="Source\Cpp\Core">
      <UniqueIdentifier>{1d03f339-7ca0-4e1d-8e41-e1ae1df52d7f}</UniqueIdentifier>
    </Filter>
    <Filter Include="Source\Cpp\Game">
      <UniqueIdentifier>{f482740b-4383-4ea0-9ae1-0fd037c06941}</UniqueIdentifier>
    </Filter>
    <Filter Include="Source\Cpp\Rendering">
      <UniqueIdentifier>{52bad8bd-a522-47d5-aa48-e4ccb6fd51a5}</UniqueIdentifier>
    </Filter>
    <Filter Include="Source\Cpp\Communication">
      <UniqueIdentifier>{85128778-0d32-4636-8c17-ca6f652d8ecd}</UniqueIdentifier>
    </Filter>
  </ItemGroup>
  <ItemGroup>
    <ClInclude Include="Include\EngineExports.hpp">
      <Filter>Include</Filter>
    </ClInclude>
    <ClInclude Include="Include\TronEngine.hpp">
      <Filter>Include</Filter>
    </ClInclude>
    <ClInclude Include="Source\Headers\Core\Engine.hpp">
      <Filter>Source\Headers\Core</Filter>
    </ClInclude>
    <ClInclude Include="Source\Headers\Game\Component.hpp">
      <Filter>Source\Headers\Game</Filter>
    </ClInclude>
    <ClInclude Include="Source\Headers\Game\ComponentManager.hpp">
      <Filter>Source\Headers\Game</Filter>
    </ClInclude>
    <ClInclude Include="Source\Headers\Game\DebugSystem.hpp">
      <Filter>Source\Headers\Game</Filter>
    </ClInclude>
    <ClInclude Include="Source\Headers\Game\EntityManager.hpp">
      <Filter>Source\Headers\Game</Filter>
    </ClInclude>
    <ClInclude Include="Source\Headers\Game\MovementSystem.hpp">
      <Filter>Source\Headers\Game</Filter>
    </ClInclude>
    <ClInclude Include="Source\Headers\Game\System.hpp">
      <Filter>Source\Headers\Game</Filter>
    </ClInclude>
    <ClInclude Include="Source\Headers\Game\SystemManager.hpp">
      <Filter>Source\Headers\Game</Filter>
    </ClInclude>
    <ClInclude Include="Source\Headers\Game\TransformComponent.hpp">
      <Filter>Source\Headers\Game</Filter>
    </ClInclude>
    <ClInclude Include="Source\Headers\Game\Types.hpp">
      <Filter>Source\Headers\Game</Filter>
    </ClInclude>
    <ClInclude Include="Source\Headers\Game\VelocityComponent.hpp">
      <Filter>Source\Headers\Game</Filter>
    </ClInclude>
    <ClInclude Include="Source\Headers\Game\World.hpp">
      <Filter>Source\Headers\Game</Filter>
    </ClInclude>
  </ItemGroup>
  <ItemGroup>
    <ClCompile Include="Source\Cpp\Core\Engine.cpp">
      <Filter>Source\Cpp\Core</Filter>
    </ClCompile>
    <ClCompile Include="Source\Cpp\Core\EngineAPI.cpp">
      <Filter>Source\Cpp\Core</Filter>
    </ClCompile>
    <ClCompile Include="Source\Cpp\Game\ComponentManager.cpp">
      <Filter>Source\Cpp\Game</Filter>
    </ClCompile>
    <ClCompile Include="Source\Cpp\Game\DebugSystem.cpp">
      <Filter>Source\Cpp\Game</Filter>
    </ClCompile>
    <ClCompile Include="Source\Cpp\Game\EntityManager.cpp">
      <Filter>Source\Cpp\Game</Filter>
    </ClCompile>
    <ClCompile Include="Source\Cpp\Game\MovementSystem.cpp">
      <Filter>Source\Cpp\Game</Filter>
    </ClCompile>
    <ClCompile Include="Source\Cpp\Game\System.cpp">
      <Filter>Source\Cpp\Game</Filter>
    </ClCompile>
    <ClCompile Include="Source\Cpp\Game\SystemManager.cpp">
      <Filter>Source\Cpp\Game</Filter>
    </ClCompile>
    <ClCompile Include="Source\Cpp\Game\World.cpp">
      <Filter>Source\Cpp\Game</Filter>
    </ClCompile>
  </ItemGroup>
</Project>