<?xml version="1.0" encoding="utf-8"?>
<Project ToolsVersion="4.0" xmlns="http://schemas.microsoft.com/developer/msbuild/2003">
  <ItemGroup>
    <Filter Include="Include">
      <UniqueIdentifier>{11ebe708-808d-46c2-9d0f-eae794e2ed16}</UniqueIdentifier>
    </Filter>
    <Filter Include="Source">
      <UniqueIdentifier>{83f6baac-3fa2-4567-83a7-0ab6d6a202b4}</UniqueIdentifier>
    </Filter>
    <Filter Include="Source\Core">
      <UniqueIdentifier>{1e3052ee-d018-4a11-a62f-9399c4bf24c0}</UniqueIdentifier>
    </Filter>
    <Filter Include="Source\Rendering">
      <UniqueIdentifier>{9a04689c-df25-49ac-b7e9-56d611090caf}</UniqueIdentifier>
    </Filter>
    <Filter Include="Source\Game">
      <UniqueIdentifier>{9d2b5bfb-b430-4163-b5f4-31042c4d1b10}</UniqueIdentifier>
    </Filter>
    <Filter Include="Source\Communication">
      <UniqueIdentifier>{ca7ff514-e622-44fa-99a6-983589020590}</UniqueIdentifier>
    </Filter>
  </ItemGroup>
  <ItemGroup>
    <ClInclude Include="Include\EngineExports.h">
      <Filter>Include</Filter>
    </ClInclude>
    <ClInclude Include="Include\TronEngine.h">
      <Filter>Include</Filter>
    </ClInclude>
    <ClInclude Include="Source\Core\Engine.h">
      <Filter>Source\Core</Filter>
    </ClInclude>
  </ItemGroup>
  <ItemGroup>
    <ClCompile Include="Source\Core\Engine.cpp">
      <Filter>Source\Core</Filter>
    </ClCompile>
    <ClCompile Include="Source\Core\EngineAPI.cpp">
      <Filter>Source\Core</Filter>
    </ClCompile>
  </ItemGroup>
</Project>