<?xml version="1.0" encoding="utf-8"?>
<Project ToolsVersion="4.0" xmlns="http://schemas.microsoft.com/developer/msbuild/2003">
  <ItemGroup>
    <FxCompile Include="Source\shaders\PixelShader.hlsl" />
  </ItemGroup>
  <ItemGroup>
    <ClCompile Include="Source\Cpp\Rendering\D3D\CommandQueue.cpp" />
    <ClCompile Include="Source\Cpp\Rendering\D3D\D3DContext.cpp" />
    <ClCompile Include="Source\Cpp\Rendering\D3D\D3DRenderer.cpp" />
    <ClCompile Include="Source\Cpp\Rendering\RenderEngine.cpp" />
    <ClCompile Include="Source\Cpp\Core\Engine.cpp" />
    <ClCompile Include="Source\Cpp\Core\EngineAPI.cpp" />
    <ClCompile Include="Source\Cpp\Rendering\D3D\SwapChain.cpp" />
    <ClCompile Include="Source\Cpp\Rendering\Resources\MaterialManager.cpp" />
    <ClCompile Include="Source\Cpp\Rendering\Resources\MeshManager.cpp" />
    <ClCompile Include="Source\Cpp\Rendering\Resources\ShaderManager.cpp" />
    <ClCompile Include="Source\Cpp\Rendering\Resources\TextureManager.cpp" />
    <ClCompile Include="Source\Cpp\Core\WindowUtils.cpp" />
    <ClCompile Include="Source\Cpp\Game\ComponentManager.cpp" />
    <ClCompile Include="Source\Cpp\Game\DebugSystem.cpp" />
    <ClCompile Include="Source\Cpp\Game\EntityManager.cpp" />
    <ClCompile Include="Source\Cpp\Game\MovementSystem.cpp" />
    <ClCompile Include="Source\Cpp\Game\System.cpp" />
    <ClCompile Include="Source\Cpp\Game\SystemManager.cpp" />
    <ClCompile Include="Source\Cpp\Game\World.cpp" />
  </ItemGroup>
  <ItemGroup>
    <ClInclude Include="Source\Headers\Rendering\D3D\CommandQueue.hpp" />
    <ClInclude Include="Source\Headers\Rendering\D3D\D3DContext.hpp" />
    <ClInclude Include="Include\EngineExports.hpp" />
    <ClInclude Include="Include\TronEngine.hpp" />
    <ClInclude Include="Source\Headers\Rendering\D3D\D3DRenderer.hpp" />
    <ClInclude Include="Source\Headers\Rendering\RenderEngine.hpp" />
    <ClInclude Include="Source\Headers\Core\Engine.hpp" />
    <ClInclude Include="Source\Headers\Rendering\D3D\SwapChain.hpp" />
    <ClInclude Include="Source\Headers\Rendering\Resources\MaterialManager.hpp" />
    <ClInclude Include="Source\Headers\Rendering\Resources\MeshManager.hpp" />
    <ClInclude Include="Source\Headers\Rendering\Resources\ShaderManager.hpp" />
    <ClInclude Include="Source\Headers\Rendering\Resources\TextureManager.hpp" />
    <ClInclude Include="Source\Headers\Core\WindowUtils.hpp" />
    <ClInclude Include="Source\Headers\Game\Component.hpp" />
    <ClInclude Include="Source\Headers\Game\ComponentManager.hpp" />
    <ClInclude Include="Source\Headers\Game\DebugSystem.hpp" />
    <ClInclude Include="Source\Headers\Game\EntityManager.hpp" />
    <ClInclude Include="Source\Headers\Game\MovementSystem.hpp" />
    <ClInclude Include="Source\Headers\Game\System.hpp" />
    <ClInclude Include="Source\Headers\Game\SystemManager.hpp" />
    <ClInclude Include="Source\Headers\Game\TransformComponent.hpp" />
    <ClInclude Include="Source\Headers\Game\Types.hpp" />
    <ClInclude Include="Source\Headers\Game\VelocityComponent.hpp" />
    <ClInclude Include="Source\Headers\Game\World.hpp" />
  </ItemGroup>
</Project>